<?xml version="1.0" encoding="utf-8"?>
<Project ToolsVersion="18.0" xmlns="http://schemas.microsoft.com/developer/msbuild/2003">
  <ItemGroup>
    <CustomBuild Include="D:\CPP-60-days\Day01\CMakeFiles\43ccc99b424039560d7306eb98276846\generate.stamp.rule">
      <Filter>CMake Rules</Filter>
    </CustomBuild>
  </ItemGroup>
  <ItemGroup>
    <Filter Include="CMake Rules">
      <UniqueIdentifier>{E4D5ACEB-72A4-3F00-BAB5-606E50FE41F6}</UniqueIdentifier>
    </Filter>
  </ItemGroup>
</Project>
